
Microsoft Visual Studio Solution File, Format Version 12.00
# Visual Studio Version 17
VisualStudioVersion = 17.2.32526.322
MinimumVisualStudioVersion = 10.0.40219.1
Project("{FAE04EC0-301F-11D3-BF4B-00C04F79EFBC}") = "PruebaForms1", "PruebaForms1\PruebaForms1.csproj", "{03890DE0-0CE5-472A-A58B-0A8954791317}"
EndProject
Global
	GlobalSection(SolutionConfigurationPlatforms) = preSolution
		Debug|Any CPU = Debug|Any CPU
		Release|Any CPU = Release|Any CPU
	EndGlobalSection
	GlobalSection(ProjectConfigurationPlatforms) = postSolution
		{03890DE0-0CE5-472A-A58B-0A8954791317}.Debug|Any CPU.ActiveCfg = Debug|Any CPU
		{03890DE0-0CE5-472A-A58B-0A8954791317}.Debug|Any CPU.Build.0 = Debug|Any CPU
		{03890DE0-0CE5-472A-A58B-0A8954791317}.Release|Any CPU.ActiveCfg = Release|Any CPU
		{03890DE0-0CE5-472A-A58B-0A8954791317}.Release|Any CPU.Build.0 = Release|Any CPU
	EndGlobalSection
	GlobalSection(SolutionProperties) = preSolution
		HideSolutionNode = FALSE
	EndGlobalSection
	GlobalSection(ExtensibilityGlobals) = postSolution
		SolutionGuid = {7E0749F9-ED31-46C9-8918-CF4AC53725EF}
	EndGlobalSection
EndGlobal
