
Microsoft Visual Studio Solution File, Format Version 12.00
# Visual Studio Version 17
VisualStudioVersion = 17.2.32526.322
MinimumVisualStudioVersion = 10.0.40219.1
Project("{FAE04EC0-301F-11D3-BF4B-00C04F79EFBC}") = "PantallasProyectoParte1", "PantallasProyectoParte1\PantallasProyectoParte1.csproj", "{26070C77-9912-409D-922C-D1A574FA9FA2}"
EndProject
Global
	GlobalSection(SolutionConfigurationPlatforms) = preSolution
		Debug|Any CPU = Debug|Any CPU
		Release|Any CPU = Release|Any CPU
	EndGlobalSection
	GlobalSection(ProjectConfigurationPlatforms) = postSolution
		{26070C77-9912-409D-922C-D1A574FA9FA2}.Debug|Any CPU.ActiveCfg = Debug|Any CPU
		{26070C77-9912-409D-922C-D1A574FA9FA2}.Debug|Any CPU.Build.0 = Debug|Any CPU
		{26070C77-9912-409D-922C-D1A574FA9FA2}.Release|Any CPU.ActiveCfg = Release|Any CPU
		{26070C77-9912-409D-922C-D1A574FA9FA2}.Release|Any CPU.Build.0 = Release|Any CPU
	EndGlobalSection
	GlobalSection(SolutionProperties) = preSolution
		HideSolutionNode = FALSE
	EndGlobalSection
	GlobalSection(ExtensibilityGlobals) = postSolution
		SolutionGuid = {BB4D8EAE-1E0D-4984-AA3B-2C6C5C58170B}
	EndGlobalSection
EndGlobal
