
Microsoft Visual Studio Solution File, Format Version 12.00
# Visual Studio Version 17
VisualStudioVersion = 17.2.32526.322
MinimumVisualStudioVersion = 10.0.40219.1
Project("{FAE04EC0-301F-11D3-BF4B-00C04F79EFBC}") = "PruebaForms2", "PruebaForms2\PruebaForms2.csproj", "{33D45113-C6C3-46A1-ADFB-825970DAA573}"
EndProject
Global
	GlobalSection(SolutionConfigurationPlatforms) = preSolution
		Debug|Any CPU = Debug|Any CPU
		Release|Any CPU = Release|Any CPU
	EndGlobalSection
	GlobalSection(ProjectConfigurationPlatforms) = postSolution
		{33D45113-C6C3-46A1-ADFB-825970DAA573}.Debug|Any CPU.ActiveCfg = Debug|Any CPU
		{33D45113-C6C3-46A1-ADFB-825970DAA573}.Debug|Any CPU.Build.0 = Debug|Any CPU
		{33D45113-C6C3-46A1-ADFB-825970DAA573}.Release|Any CPU.ActiveCfg = Release|Any CPU
		{33D45113-C6C3-46A1-ADFB-825970DAA573}.Release|Any CPU.Build.0 = Release|Any CPU
	EndGlobalSection
	GlobalSection(SolutionProperties) = preSolution
		HideSolutionNode = FALSE
	EndGlobalSection
	GlobalSection(ExtensibilityGlobals) = postSolution
		SolutionGuid = {8EA6AC72-D3F9-4ECE-9C34-074AB963C678}
	EndGlobalSection
EndGlobal
